{
  "name": "hit-validation",
  "version": "0.0.9",
  "dependencies": {
    "amanda": {
      "version": "0.4.6",
      "from": "amanda@"
    },
    "chai": {
      "version": "1.6.1",
      "from": "chai@~1.6.0"
    },
    "coffee-script": {
      "version": "1.6.3",
      "from": "coffee-script@~1.6.3"
    },
    "cucumber": {
      "version": "0.3.0",
      "from": "cucumber@",
      "dependencies": {
        "gherkin": {
          "version": "2.11.3",
          "from": "gherkin@2.11.3"
        },
        "jasmine-node": {
          "version": "1.0.26",
          "from": "jasmine-node@1.0.26",
          "dependencies": {
            "jasmine-reporters": {
              "version": "0.2.1",
              "from": "jasmine-reporters@>=0.2.0"
            },
            "requirejs": {
              "version": "2.1.6",
              "from": "requirejs@>=0.27.1"
            }
          }
        },
        "connect": {
          "version": "2.3.2",
          "from": "connect@2.3.2",
          "dependencies": {
            "qs": {
              "version": "0.4.2",
              "from": "qs@0.4.2"
            },
            "mime": {
              "version": "1.2.4",
              "from": "mime@1.2.4"
            },
            "formidable": {
              "version": "1.0.9",
              "from": "formidable@1.0.9"
            },
            "crc": {
              "version": "0.2.0",
              "from": "crc@0.2.0"
            },
            "cookie": {
              "version": "0.0.3",
              "from": "cookie@0.0.3"
            },
            "debug": {
              "version": "0.7.2",
              "from": "debug@*"
            }
          }
        },
        "browserify": {
          "version": "1.15.5",
          "from": "browserify@1.15.5",
          "dependencies": {
            "detective": {
              "version": "0.2.1",
              "from": "detective@~0.2.0",
              "dependencies": {
                "esprima": {
                  "version": "0.9.9",
                  "from": "esprima@~0.9.9"
                }
              }
            },
            "buffer-browserify": {
              "version": "0.0.5",
              "from": "buffer-browserify@~0.0.1",
              "dependencies": {
                "base64-js": {
                  "version": "0.0.2",
                  "from": "base64-js@0.0.2"
                }
              }
            },
            "deputy": {
              "version": "0.0.4",
              "from": "deputy@~0.0.3"
            },
            "syntax-error": {
              "version": "0.0.1",
              "from": "syntax-error@~0.0.0",
              "dependencies": {
                "esprima": {
                  "version": "0.9.9",
                  "from": "esprima@~0.9.9"
                }
              }
            },
            "resolve": {
              "version": "0.2.8",
              "from": "resolve@~0.2.0"
            },
            "nub": {
              "version": "0.0.0",
              "from": "nub@~0.0.0"
            },
            "commondir": {
              "version": "0.0.1",
              "from": "commondir@~0.0.1"
            },
            "optimist": {
              "version": "0.3.7",
              "from": "optimist@~0.3.4",
              "dependencies": {
                "wordwrap": {
                  "version": "0.0.2",
                  "from": "wordwrap@~0.0.2"
                }
              }
            },
            "http-browserify": {
              "version": "0.1.11",
              "from": "http-browserify@~0.1.1",
              "dependencies": {
                "concat-stream": {
                  "version": "0.0.8",
                  "from": "concat-stream@0.0.8"
                }
              }
            },
            "vm-browserify": {
              "version": "0.0.1",
              "from": "vm-browserify@~0.0.0"
            },
            "crypto-browserify": {
              "version": "0.2.3",
              "from": "crypto-browserify@~0"
            }
          }
        },
        "nopt": {
          "version": "1.0.10",
          "from": "nopt@1.0.10",
          "dependencies": {
            "abbrev": {
              "version": "1.0.4",
              "from": "abbrev@1"
            }
          }
        },
        "underscore": {
          "version": "1.3.3",
          "from": "underscore@1.3.3"
        },
        "rimraf": {
          "version": "2.0.2",
          "from": "rimraf@2.0.2",
          "dependencies": {
            "graceful-fs": {
              "version": "1.1.14",
              "from": "graceful-fs@~1.1"
            }
          }
        },
        "mkdirp": {
          "version": "0.3.3",
          "from": "mkdirp@0.3.3"
        },
        "cucumber-html": {
          "version": "0.2.0",
          "from": "cucumber-html@0.2.0"
        },
        "walkdir": {
          "version": "0.0.4",
          "from": "walkdir@0.0.4"
        },
        "coffee-script": {
          "version": "1.3.3",
          "from": "coffee-script@1.3.3"
        }
      }
    },
    "mocha": {
      "version": "1.10.0",
      "from": "mocha@~1.10.0",
      "dependencies": {
        "commander": {
          "version": "0.6.1",
          "from": "commander@0.6.1"
        },
        "growl": {
          "version": "1.7.0",
          "from": "growl@1.7.x"
        },
        "jade": {
          "version": "0.26.3",
          "from": "jade@0.26.3",
          "dependencies": {
            "mkdirp": {
              "version": "0.3.0",
              "from": "mkdirp@0.3.0"
            }
          }
        },
        "diff": {
          "version": "1.0.2",
          "from": "diff@1.0.2"
        },
        "debug": {
          "version": "0.7.2",
          "from": "debug@*"
        },
        "mkdirp": {
          "version": "0.3.3",
          "from": "mkdirp@0.3.3"
        },
        "ms": {
          "version": "0.3.0",
          "from": "ms@0.3.0"
        },
        "glob": {
          "version": "3.2.1",
          "from": "glob@3.2.1",
          "dependencies": {
            "minimatch": {
              "version": "0.2.12",
              "from": "minimatch@~0.2.11",
              "dependencies": {
                "lru-cache": {
                  "version": "2.3.0",
                  "from": "lru-cache@2"
                },
                "sigmund": {
                  "version": "1.0.0",
                  "from": "sigmund@~1.0.0"
                }
              }
            },
            "graceful-fs": {
              "version": "1.2.2",
              "from": "graceful-fs@~1.2.0"
            },
            "inherits": {
              "version": "1.0.0",
              "from": "inherits@1"
            }
          }
        }
      }
    }
  }
}
