{
  "dependencies": {
    "chai": {
      "version": "1.6.0",
      "from": "chai@"
    },
    "coffee-script": {
      "version": "1.6.3",
      "from": "coffee-script@"
    },
    "mocha": {
      "version": "1.10.0",
      "from": "mocha@",
      "resolved": "https://registry.npmjs.org/mocha/-/mocha-1.10.0.tgz",
      "dependencies": {
        "commander": {
          "version": "0.6.1",
          "from": "commander@0.6.1"
        },
        "growl": {
          "version": "1.7.0",
          "from": "growl@1.7.x"
        },
        "jade": {
          "version": "0.26.3",
          "from": "jade@0.26.3",
          "resolved": "https://registry.npmjs.org/jade/-/jade-0.26.3.tgz",
          "dependencies": {
            "mkdirp": {
              "version": "0.3.0",
              "from": "mkdirp@0.3.0",
              "resolved": "https://registry.npmjs.org/mkdirp/-/mkdirp-0.3.0.tgz"
            }
          }
        },
        "diff": {
          "version": "1.0.2",
          "from": "diff@1.0.2"
        },
        "debug": {
          "version": "0.7.2",
          "from": "debug@*"
        },
        "mkdirp": {
          "version": "0.3.3",
          "from": "mkdirp@0.3.3",
          "resolved": "https://registry.npmjs.org/mkdirp/-/mkdirp-0.3.3.tgz"
        },
        "ms": {
          "version": "0.3.0",
          "from": "ms@0.3.0"
        },
        "glob": {
          "version": "3.2.1",
          "from": "glob@3.2.1",
          "dependencies": {
            "minimatch": {
              "version": "0.2.12",
              "from": "minimatch@~0.2.11",
              "dependencies": {
                "lru-cache": {
                  "version": "2.3.0",
                  "from": "lru-cache@2"
                },
                "sigmund": {
                  "version": "1.0.0",
                  "from": "sigmund@~1.0.0"
                }
              }
            },
            "graceful-fs": {
              "version": "1.2.1",
              "from": "graceful-fs@~1.2.0"
            },
            "inherits": {
              "version": "1.0.0",
              "from": "inherits@1"
            }
          }
        }
      }
    }
  }
}
