{
  "name": "hit-validation",
  "version": "0.0.0",
  "dependencies": {
    "amanda": {
      "version": "0.4.6"
    },
    "coffee-script": {
      "version": "1.6.3"
    },
    "chai": {
      "version": "1.7.0",
      "dependencies": {
        "assertion-error": {
          "version": "1.0.0"
        }
      }
    },
    "mocha": {
      "version": "1.10.0",
      "dependencies": {
        "commander": {
          "version": "0.6.1"
        },
        "growl": {
          "version": "1.7.0"
        },
        "jade": {
          "version": "0.26.3",
          "dependencies": {
            "mkdirp": {
              "version": "0.3.0"
            }
          }
        },
        "diff": {
          "version": "1.0.2"
        },
        "debug": {
          "version": "0.7.2"
        },
        "mkdirp": {
          "version": "0.3.3"
        },
        "ms": {
          "version": "0.3.0"
        },
        "glob": {
          "version": "3.2.1",
          "dependencies": {
            "minimatch": {
              "version": "0.2.12",
              "dependencies": {
                "lru-cache": {
                  "version": "2.3.0"
                },
                "sigmund": {
                  "version": "1.0.0"
                }
              }
            },
            "graceful-fs": {
              "version": "1.2.2"
            },
            "inherits": {
              "version": "1.0.0"
            }
          }
        }
      }
    }
  }
}
